<?xml version="1.0" encoding="utf-8"?>
<Project ToolsVersion="4.0" xmlns="http://schemas.microsoft.com/developer/msbuild/2003">
  <ItemGroup>
    <Filter Include="Source Files">
      <UniqueIdentifier>{4FC737F1-C7A5-4376-A066-2A32D752A2FF}</UniqueIdentifier>
      <Extensions>cpp;c;cc;cxx;def;odl;idl;hpj;bat;asm;asmx</Extensions>
    </Filter>
    <Filter Include="Header Files">
      <UniqueIdentifier>{93995380-89BD-4b04-88EB-625FBE52EBFB}</UniqueIdentifier>
      <Extensions>h;hh;hpp;hxx;hm;inl;inc;xsd</Extensions>
    </Filter>
    <Filter Include="Resource Files">
      <UniqueIdentifier>{67DA6AB6-F800-4c08-8B7A-83BB121AAD01}</UniqueIdentifier>
      <Extensions>rc;ico;cur;bmp;dlg;rc2;rct;bin;rgs;gif;jpg;jpeg;jpe;resx;tiff;tif;png;wav;mfcribbon-ms</Extensions>
    </Filter>
    <Filter Include="Header Files\Camera">
      <UniqueIdentifier>{0159b342-d9e1-4755-a254-331dc5ef8ed5}</UniqueIdentifier>
    </Filter>
    <Filter Include="Header Files\Entity">
      <UniqueIdentifier>{0b134f21-a453-4bf4-a300-4d2fd3c3d6fa}</UniqueIdentifier>
    </Filter>
    <Filter Include="Header Files\Font">
      <UniqueIdentifier>{96227b50-100b-4035-8419-0a855dd0b283}</UniqueIdentifier>
    </Filter>
    <Filter Include="Header Files\GUI">
      <UniqueIdentifier>{47929302-248d-4152-b6bd-e84f731eeead}</UniqueIdentifier>
    </Filter>
    <Filter Include="Header Files\BaseEngine">
      <UniqueIdentifier>{8f350013-8e1f-4af0-a9c6-ba9425cb1404}</UniqueIdentifier>
    </Filter>
    <Filter Include="Header Files\Loader">
      <UniqueIdentifier>{71b75194-9cf4-4325-b29f-03cd543046ce}</UniqueIdentifier>
    </Filter>
    <Filter Include="Header Files\Terrain">
      <UniqueIdentifier>{8178d03e-e9c9-4e99-8b3a-910859be0f85}</UniqueIdentifier>
    </Filter>
    <Filter Include="Header Files\Scenes">
      <UniqueIdentifier>{5fcf24c9-8eb9-45b7-ab6e-9873b50bc262}</UniqueIdentifier>
    </Filter>
    <Filter Include="Source Files\Camera">
      <UniqueIdentifier>{740c415f-f529-4bed-bddf-489d1d46d816}</UniqueIdentifier>
    </Filter>
    <Filter Include="Source Files\BaseEngine">
      <UniqueIdentifier>{cd8b094b-6ec6-4269-82a0-db61451cd8c8}</UniqueIdentifier>
    </Filter>
    <Filter Include="Source Files\Loader">
      <UniqueIdentifier>{514bc8cf-40b9-4b43-b3a1-a1f93f9f5c0e}</UniqueIdentifier>
    </Filter>
    <Filter Include="Source Files\Terrain">
      <UniqueIdentifier>{5d9dafa5-cd78-4fe9-853a-82d757b679a0}</UniqueIdentifier>
    </Filter>
    <Filter Include="Source Files\Scene">
      <UniqueIdentifier>{5c0e393d-bd5f-461d-b50f-b376e8b55921}</UniqueIdentifier>
    </Filter>
    <Filter Include="Source Files\Entity">
      <UniqueIdentifier>{210c1f84-543e-4eb4-809a-2ee589653f98}</UniqueIdentifier>
    </Filter>
    <Filter Include="Source Files\GUI">
      <UniqueIdentifier>{d20c7b2c-0404-4d5b-83b6-865b720a751b}</UniqueIdentifier>
    </Filter>
    <Filter Include="Source Files\Font">
      <UniqueIdentifier>{9d438842-aa10-43e8-98c0-9bcc55fdf9ac}</UniqueIdentifier>
    </Filter>
  </ItemGroup>
  <ItemGroup>
    <ClCompile Include="source\main.cpp">
      <Filter>Source Files</Filter>
    </ClCompile>
    <ClCompile Include="source\BaseEngine\Display\DisplayManager.cpp">
      <Filter>Source Files\BaseEngine</Filter>
    </ClCompile>
    <ClCompile Include="source\BaseEngine\Lights\Light.cpp">
      <Filter>Source Files\BaseEngine</Filter>
    </ClCompile>
    <ClCompile Include="source\BaseEngine\Shaders\ShaderProgram.cpp">
      <Filter>Source Files\BaseEngine</Filter>
    </ClCompile>
    <ClCompile Include="source\BaseEngine\Shaders\LoadingShader.cpp">
      <Filter>Source Files\BaseEngine</Filter>
    </ClCompile>
    <ClCompile Include="source\BaseEngine\Engine\GLgame.cpp">
      <Filter>Source Files\BaseEngine</Filter>
    </ClCompile>
    <ClCompile Include="source\BaseEngine\Engine\Scene.cpp">
      <Filter>Source Files\Scene</Filter>
    </ClCompile>
    <ClCompile Include="source\BaseEngine\Loader\Loader.cpp">
      <Filter>Source Files\Loader</Filter>
    </ClCompile>
    <ClCompile Include="source\BaseEngine\Loader\Model.cpp">
      <Filter>Source Files\Loader</Filter>
    </ClCompile>
    <ClCompile Include="source\BaseEngine\Terrain\Terrain.cpp">
      <Filter>Source Files\Terrain</Filter>
    </ClCompile>
    <ClCompile Include="source\BaseEngine\GUI\GUIShader.cpp">
      <Filter>Source Files\GUI</Filter>
    </ClCompile>
    <ClCompile Include="source\BaseEngine\Camera\Camera.cpp">
      <Filter>Source Files\Camera</Filter>
    </ClCompile>
    <ClCompile Include="source\BaseEngine\Camera\FirstPersonCamera.cpp">
      <Filter>Source Files\Camera</Filter>
    </ClCompile>
    <ClCompile Include="source\BaseEngine\Camera\ThridPersonCamera.cpp">
      <Filter>Source Files\Camera</Filter>
    </ClCompile>
    <ClCompile Include="source\BaseEngine\Entities\Entity.cpp">
      <Filter>Source Files\Entity</Filter>
    </ClCompile>
    <ClCompile Include="source\BaseEngine\Input\InputManager.cpp">
      <Filter>Source Files</Filter>
    </ClCompile>
    <ClCompile Include="source\BaseEngine\GUI\GUIRenderer.cpp">
      <Filter>Source Files</Filter>
    </ClCompile>
    <ClCompile Include="source\BaseEngine\Controllers\CharacterController.cpp">
      <Filter>Source Files</Filter>
    </ClCompile>
    <ClCompile Include="source\BaseEngine\Engine\OpenGLRenderer.cpp">
      <Filter>Source Files</Filter>
    </ClCompile>
    <ClCompile Include="source\BaseEngine\Renderers\EnitityRenderer.cpp">
      <Filter>Source Files\Entity</Filter>
    </ClCompile>
    <ClCompile Include="source\BaseEngine\Renderers\MasterRenderer.cpp">
      <Filter>Source Files</Filter>
    </ClCompile>
    <ClCompile Include="source\BaseEngine\Renderers\TerrainRenderer.cpp">
      <Filter>Source Files\Terrain</Filter>
    </ClCompile>
    <ClCompile Include="source\BaseEngine\Shaders\EntityGeometryPassShader.cpp">
      <Filter>Source Files</Filter>
    </ClCompile>
    <ClCompile Include="source\BaseEngine\Shaders\TerrainGeometryPassShader.cpp">
      <Filter>Source Files</Filter>
    </ClCompile>
    <ClCompile Include="source\BaseEngine\Shaders\LightPassShader.cpp">
      <Filter>Source Files</Filter>
    </ClCompile>
    <ClCompile Include="source\BaseEngine\Loader\TextureLoader.cpp">
      <Filter>Source Files</Filter>
    </ClCompile>
    <ClCompile Include="source\BaseEngine\Loader\AssimpModel.cpp">
      <Filter>Source Files</Filter>
    </ClCompile>
    <ClCompile Include="source\BaseEngine\Loader\EmptyLoader.cpp">
      <Filter>Source Files</Filter>
    </ClCompile>
    <ClCompile Include="source\BaseEngine\Loader\FbxModel.cpp">
      <Filter>Source Files</Filter>
    </ClCompile>
    <ClCompile Include="source\BaseEngine\Renderers\SkyBoxRenderer.cpp">
      <Filter>Source Files</Filter>
    </ClCompile>
    <ClCompile Include="source\BaseEngine\Shaders\SkyBoxShader.cpp">
      <Filter>Source Files</Filter>
    </ClCompile>
    <ClCompile Include="source\BaseEngine\Shadows\ShadowFrameBuffer.cpp">
      <Filter>Source Files</Filter>
    </ClCompile>
    <ClCompile Include="source\BaseEngine\Shadows\ShadowBox.cpp">
      <Filter>Source Files</Filter>
    </ClCompile>
    <ClCompile Include="source\BaseEngine\Shadows\ShadowShader.cpp">
      <Filter>Source Files</Filter>
    </ClCompile>
    <ClCompile Include="source\BaseEngine\Shadows\ShadowMapRenderer.cpp">
      <Filter>Source Files</Filter>
    </ClCompile>
    <ClCompile Include="source\BaseEngine\APIs\GLFW3\GLFW3_OpenGL.cpp">
      <Filter>Source Files</Filter>
    </ClCompile>
    <ClCompile Include="source\BaseEngine\APIs\SDL2\SDLOpenGL.cpp">
      <Filter>Source Files</Filter>
    </ClCompile>
    <ClCompile Include="source\BaseEngine\APIs\GLFW3\InputGLFW.cpp">
      <Filter>Source Files</Filter>
    </ClCompile>
    <ClCompile Include="source\BaseEngine\APIs\SDL2\InputSDL.cpp">
      <Filter>Source Files</Filter>
    </ClCompile>
    <ClCompile Include="source\Editor\SceneEditor.cpp">
      <Filter>Source Files</Filter>
    </ClCompile>
    <ClCompile Include="source\Editor\FileExplorer.cpp">
      <Filter>Source Files</Filter>
    </ClCompile>
    <ClCompile Include="source\Editor\ObjectsTree.cpp">
      <Filter>Source Files</Filter>
    </ClCompile>
    <ClCompile Include="source\Editor\WindowProcedure.cpp">
      <Filter>Source Files</Filter>
    </ClCompile>
    <ClCompile Include="source\Editor\Inspector.cpp">
      <Filter>Source Files</Filter>
    </ClCompile>
    <ClCompile Include="source\BaseEngine\Engine\GameObject.cpp">
      <Filter>Source Files</Filter>
    </ClCompile>
    <ClCompile Include="source\BaseEngine\Loader\XML\XMLSceneParser.cpp">
      <Filter>Source Files</Filter>
    </ClCompile>
    <ClCompile Include="source\BaseEngine\Controllers\MousePicker.cpp">
      <Filter>Source Files</Filter>
    </ClCompile>
    <ClCompile Include="source\BaseEngine\Collision\Colider.cpp">
      <Filter>Source Files</Filter>
    </ClCompile>
    <ClCompile Include="source\BaseEngine\Physics\PhysicsScene.cpp">
      <Filter>Source Files</Filter>
    </ClCompile>
    <ClCompile Include="source\BaseEngine\Physics\Rigidbody.cpp">
      <Filter>Source Files</Filter>
    </ClCompile>
    <ClCompile Include="source\BaseEngine\Shaders\FXAAShader.cpp">
      <Filter>Source Files</Filter>
    </ClCompile>
    <ClCompile Include="source\BaseEngine\Camera\Frustrum.cpp">
      <Filter>Source Files</Filter>
    </ClCompile>
    <ClCompile Include="source\BaseEngine\Water\WaterFrameBuffer.cpp">
      <Filter>Source Files</Filter>
    </ClCompile>
    <ClCompile Include="source\BaseEngine\Water\WaterTile.cpp">
      <Filter>Source Files</Filter>
    </ClCompile>
    <ClCompile Include="source\BaseEngine\Water\WaterShader.cpp">
      <Filter>Source Files</Filter>
    </ClCompile>
    <ClCompile Include="source\BaseEngine\Water\WaterRenderer.cpp">
      <Filter>Source Files</Filter>
    </ClCompile>
    <ClCompile Include="source\BaseEngine\Shaders\GrassShader.cpp">
      <Filter>Source Files</Filter>
    </ClCompile>
    <ClCompile Include="source\BaseEngine\Terrain\Grass.cpp">
      <Filter>Source Files</Filter>
    </ClCompile>
    <ClCompile Include="source\BaseEngine\Game\GameTime.cpp">
      <Filter>Source Files</Filter>
    </ClCompile>
    <ClCompile Include="source\BaseEngine\Game\DayNightCycle.cpp">
      <Filter>Source Files</Filter>
    </ClCompile>
    <ClCompile Include="source\BaseEngine\Renderers\FrameBuffers\FrameBuffer.cpp">
      <Filter>Source Files</Filter>
    </ClCompile>
    <ClCompile Include="source\BaseEngine\Renderers\FrameBuffers\DeferedFrameBuffer.cpp">
      <Filter>Source Files</Filter>
    </ClCompile>
    <ClCompile Include="source\BaseEngine\Renderers\FrameBuffers\FilterFrameBuffer.cpp">
      <Filter>Source Files</Filter>
    </ClCompile>
    <ClCompile Include="source\BaseEngine\Renderers\DebugRenderer.cpp">
      <Filter>Source Files</Filter>
    </ClCompile>
    <ClCompile Include="source\RPGpack\Hero.cpp">
      <Filter>Source Files</Filter>
    </ClCompile>
    <ClCompile Include="source\RPGpack\HeroClass\Knight.cpp">
      <Filter>Source Files</Filter>
    </ClCompile>
    <ClCompile Include="source\BaseEngine\GUI\CGUIElement.cpp">
      <Filter>Source Files</Filter>
    </ClCompile>
    <ClCompile Include="source\BaseEngine\GUI\Text\Font.cpp">
      <Filter>Source Files</Filter>
    </ClCompile>
    <ClCompile Include="source\BaseEngine\GUI\Text\GUIText.cpp">
      <Filter>Source Files</Filter>
    </ClCompile>
    <ClCompile Include="source\BaseEngine\GUI\Buttons\GUIButton.cpp">
      <Filter>Source Files</Filter>
    </ClCompile>
    <ClCompile Include="source\BaseEngine\GUI\Textures\GUITexture.cpp">
      <Filter>Source Files</Filter>
    </ClCompile>
    <ClCompile Include="source\BaseEngine\GUI\Creator\GUICreator.cpp">
      <Filter>Source Files</Filter>
    </ClCompile>
    <ClCompile Include="source\BaseEngine\GUI\GUI.cpp">
      <Filter>Source Files</Filter>
    </ClCompile>
    <ClCompile Include="source\BaseEngine\GUI\Window\GUIWindow.cpp">
      <Filter>Source Files</Filter>
    </ClCompile>
    <ClCompile Include="source\Editor\GUIEditor.cpp">
      <Filter>Source Files</Filter>
    </ClCompile>
    <ClCompile Include="source\BaseEngine\Input\Input.cpp">
      <Filter>Source Files</Filter>
    </ClCompile>
    <ClCompile Include="source\RPGpack\GUI\CRPGGUIManager.cpp">
      <Filter>Source Files</Filter>
    </ClCompile>
    <ClCompile Include="source\RPGpack\Scenes\MainScene.cpp">
      <Filter>Source Files</Filter>
    </ClCompile>
    <ClCompile Include="source\RPGpack\Game\CRPGGame.cpp">
      <Filter>Source Files</Filter>
    </ClCompile>
    <ClCompile Include="source\BaseEngine\Loader\Texture.cpp">
      <Filter>Source Files</Filter>
    </ClCompile>
    <ClCompile Include="source\BaseEngine\Loader\OpenGLLoader.cpp">
      <Filter>Source Files</Filter>
    </ClCompile>
    <ClCompile Include="source\BaseEngine\Shaders\Mobile\SimpleEnityShader.cpp">
      <Filter>Source Files</Filter>
    </ClCompile>
    <ClCompile Include="source\BaseEngine\Renderers\Simple\SimpleMasterRenderer.cpp">
      <Filter>Source Files</Filter>
    </ClCompile>
    <ClCompile Include="source\BaseEngine\Shaders\Mobile\SimpleTerrainShader.cpp">
      <Filter>Source Files</Filter>
    </ClCompile>
    <ClCompile Include="source\RPGpack\Player.cpp">
      <Filter>Source Files</Filter>
    </ClCompile>
    <ClCompile Include="source\BaseEngine\Terrain\PerlinNoise.cpp">
      <Filter>Source Files</Filter>
    </ClCompile>
    <ClCompile Include="source\BaseEngine\Terrain\TerrainGenerator.cpp">
      <Filter>Source Files</Filter>
    </ClCompile>
  </ItemGroup>
  <ItemGroup>
    <ClInclude Include="source\BaseEngine\Display\DisplayManager.h">
      <Filter>Header Files\BaseEngine</Filter>
    </ClInclude>
    <ClInclude Include="source\BaseEngine\Lights\Light.h">
      <Filter>Header Files\BaseEngine</Filter>
    </ClInclude>
    <ClInclude Include="source\BaseEngine\Shaders\ShaderProgram.h">
      <Filter>Header Files\BaseEngine</Filter>
    </ClInclude>
    <ClInclude Include="source\BaseEngine\Shaders\LoadingShader.h">
      <Filter>Header Files\BaseEngine</Filter>
    </ClInclude>
    <ClInclude Include="source\BaseEngine\Engine\GLgame.h">
      <Filter>Header Files\BaseEngine</Filter>
    </ClInclude>
    <ClInclude Include="source\BaseEngine\Engine\Transform.h">
      <Filter>Header Files\Entity</Filter>
    </ClInclude>
    <ClInclude Include="source\BaseEngine\Utils\Utils.h">
      <Filter>Header Files\BaseEngine</Filter>
    </ClInclude>
    <ClInclude Include="source\BaseEngine\Engine\Scene.h">
      <Filter>Header Files\Scenes</Filter>
    </ClInclude>
    <ClInclude Include="source\BaseEngine\Loader\Loader.h">
      <Filter>Header Files\Loader</Filter>
    </ClInclude>
    <ClInclude Include="source\BaseEngine\Loader\Material.h">
      <Filter>Header Files\Loader</Filter>
    </ClInclude>
    <ClInclude Include="source\BaseEngine\Loader\Model.h">
      <Filter>Header Files\Loader</Filter>
    </ClInclude>
    <ClInclude Include="source\BaseEngine\GUI\GUI.h">
      <Filter>Header Files\GUI</Filter>
    </ClInclude>
    <ClInclude Include="source\BaseEngine\GUI\GUIRenderer.h">
      <Filter>Header Files\GUI</Filter>
    </ClInclude>
    <ClInclude Include="source\BaseEngine\GUI\GUIShader.h">
      <Filter>Header Files\GUI</Filter>
    </ClInclude>
    <ClInclude Include="source\BaseEngine\Camera\Camera.h">
      <Filter>Header Files\Camera</Filter>
    </ClInclude>
    <ClInclude Include="source\BaseEngine\Camera\FirstPersonCamera.h">
      <Filter>Header Files\Camera</Filter>
    </ClInclude>
    <ClInclude Include="source\BaseEngine\Camera\ThridPersonCamera.h">
      <Filter>Header Files\Camera</Filter>
    </ClInclude>
    <ClInclude Include="source\BaseEngine\Input\InputManager.h">
      <Filter>Header Files</Filter>
    </ClInclude>
    <ClInclude Include="source\BaseEngine\Input\Input.h">
      <Filter>Header Files</Filter>
    </ClInclude>
    <ClInclude Include="source\BaseEngine\Controllers\CharacterController.h">
      <Filter>Header Files</Filter>
    </ClInclude>
    <ClInclude Include="source\BaseEngine\Engine\OpenGLRenderer.h">
      <Filter>Header Files</Filter>
    </ClInclude>
    <ClInclude Include="source\BaseEngine\Engine\Renderer.h">
      <Filter>Header Files</Filter>
    </ClInclude>
    <ClInclude Include="source\BaseEngine\Renderers\EnitityRenderer.h">
      <Filter>Header Files\Entity</Filter>
    </ClInclude>
    <ClInclude Include="source\BaseEngine\Renderers\MasterRenderer.h">
      <Filter>Header Files</Filter>
    </ClInclude>
    <ClInclude Include="source\BaseEngine\Renderers\TerrainRenderer.h">
      <Filter>Header Files\Terrain</Filter>
    </ClInclude>
    <ClInclude Include="source\BaseEngine\Shaders\EntityGeometryPassShader.h">
      <Filter>Header Files</Filter>
    </ClInclude>
    <ClInclude Include="source\BaseEngine\Shaders\TerrainGeometryPassShader.h">
      <Filter>Header Files</Filter>
    </ClInclude>
    <ClInclude Include="source\TestGame\Test_MainMenu.h">
      <Filter>Header Files\Scenes</Filter>
    </ClInclude>
    <ClInclude Include="source\BaseEngine\Shaders\LightPassShader.h">
      <Filter>Header Files</Filter>
    </ClInclude>
    <ClInclude Include="source\BaseEngine\Loader\TextureLoader.h">
      <Filter>Header Files</Filter>
    </ClInclude>
    <ClInclude Include="source\BaseEngine\Loader\AssimpModel.h">
      <Filter>Header Files</Filter>
    </ClInclude>
    <ClInclude Include="source\BaseEngine\Loader\EmptyLoader.h">
      <Filter>Header Files</Filter>
    </ClInclude>
    <ClInclude Include="source\BaseEngine\Loader\FbxModel.h">
      <Filter>Header Files</Filter>
    </ClInclude>
    <ClInclude Include="source\BaseEngine\Renderers\SkyBoxRenderer.h">
      <Filter>Header Files</Filter>
    </ClInclude>
    <ClInclude Include="source\BaseEngine\Shaders\SkyBoxShader.h">
      <Filter>Header Files</Filter>
    </ClInclude>
    <ClInclude Include="source\BaseEngine\Shadows\ShadowFrameBuffer.h">
      <Filter>Header Files</Filter>
    </ClInclude>
    <ClInclude Include="source\BaseEngine\Shadows\ShadowBox.h">
      <Filter>Header Files</Filter>
    </ClInclude>
    <ClInclude Include="source\BaseEngine\Shadows\ShadowMapRenderer.h">
      <Filter>Header Files</Filter>
    </ClInclude>
    <ClInclude Include="source\BaseEngine\Shadows\ShadowShader.h">
      <Filter>Header Files</Filter>
    </ClInclude>
    <ClInclude Include="source\BaseEngine\Entities\Entity.h">
      <Filter>Header Files</Filter>
    </ClInclude>
    <ClInclude Include="source\BaseEngine\APIs\Api.h">
      <Filter>Header Files</Filter>
    </ClInclude>
    <ClInclude Include="source\BaseEngine\APIs\GLFW3\GLFW3_OpenGL.h">
      <Filter>Header Files</Filter>
    </ClInclude>
    <ClInclude Include="source\BaseEngine\APIs\SDL2\SDLOpenGL.h">
      <Filter>Header Files</Filter>
    </ClInclude>
    <ClInclude Include="source\BaseEngine\APIs\GLFW3\InputGLFW.h">
      <Filter>Header Files</Filter>
    </ClInclude>
    <ClInclude Include="source\BaseEngine\APIs\SDL2\InputSDL.h">
      <Filter>Header Files</Filter>
    </ClInclude>
    <ClInclude Include="source\Editor\SceneEditor.h">
      <Filter>Header Files</Filter>
    </ClInclude>
    <ClInclude Include="source\BaseEngine\Engine\GameObject.h">
      <Filter>Header Files</Filter>
    </ClInclude>
    <ClInclude Include="source\BaseEngine\Loader\XML\XMLSceneParser.h">
      <Filter>Header Files</Filter>
    </ClInclude>
    <ClInclude Include="source\BaseEngine\Controllers\MousePicker.h">
      <Filter>Header Files</Filter>
    </ClInclude>
    <ClInclude Include="source\BaseEngine\Collision\Colider.h">
      <Filter>Header Files</Filter>
    </ClInclude>
    <ClInclude Include="source\BaseEngine\Physics\Rigidbody.h">
      <Filter>Header Files</Filter>
    </ClInclude>
    <ClInclude Include="source\BaseEngine\Physics\PhysicsScene.h">
      <Filter>Header Files</Filter>
    </ClInclude>
    <ClInclude Include="source\BaseEngine\Shaders\FXAAShader.h">
      <Filter>Header Files</Filter>
    </ClInclude>
    <ClInclude Include="source\Editor\HwndsList.h">
      <Filter>Header Files</Filter>
    </ClInclude>
    <ClInclude Include="source\Editor\IdsList.h">
      <Filter>Header Files</Filter>
    </ClInclude>
    <ClInclude Include="source\BaseEngine\Camera\Plane.h">
      <Filter>Header Files</Filter>
    </ClInclude>
    <ClInclude Include="source\BaseEngine\Camera\Frustrum.h">
      <Filter>Header Files</Filter>
    </ClInclude>
    <ClInclude Include="source\BaseEngine\Water\WaterTile.h">
      <Filter>Header Files</Filter>
    </ClInclude>
    <ClInclude Include="source\BaseEngine\Water\WaterFrameBuffer.h">
      <Filter>Header Files</Filter>
    </ClInclude>
    <ClInclude Include="source\BaseEngine\Water\WaterRenderer.h">
      <Filter>Header Files</Filter>
    </ClInclude>
    <ClInclude Include="source\BaseEngine\Water\WaterShader.h">
      <Filter>Header Files</Filter>
    </ClInclude>
    <ClInclude Include="source\BaseEngine\Terrain\Terrain.h">
      <Filter>Header Files\Terrain</Filter>
    </ClInclude>
    <ClInclude Include="source\BaseEngine\Renderers\DebugRenderer.h">
      <Filter>Header Files</Filter>
    </ClInclude>
    <ClInclude Include="source\BaseEngine\Shaders\GrassShader.h">
      <Filter>Header Files</Filter>
    </ClInclude>
    <ClInclude Include="source\BaseEngine\Terrain\Grass.h">
      <Filter>Header Files</Filter>
    </ClInclude>
    <ClInclude Include="source\BaseEngine\Game\GameTime.h">
      <Filter>Header Files</Filter>
    </ClInclude>
    <ClInclude Include="source\BaseEngine\Game\DayNightCycle.h">
      <Filter>Header Files</Filter>
    </ClInclude>
    <ClInclude Include="source\BaseEngine\Renderers\FrameBuffers\FrameBuffer.h">
      <Filter>Header Files</Filter>
    </ClInclude>
    <ClInclude Include="source\BaseEngine\Renderers\FrameBuffers\DeferedFrameBuffer.h">
      <Filter>Header Files</Filter>
    </ClInclude>
    <ClInclude Include="source\BaseEngine\Renderers\FrameBuffers\FilterFrameBuffer.h">
      <Filter>Header Files</Filter>
    </ClInclude>
    <ClInclude Include="source\BaseEngine\Loader\Face.h">
      <Filter>Header Files</Filter>
    </ClInclude>
    <ClInclude Include="source\RPGpack\GameCharacter.h">
      <Filter>Header Files</Filter>
    </ClInclude>
    <ClInclude Include="source\RPGpack\CharacterStats.h">
      <Filter>Header Files</Filter>
    </ClInclude>
    <ClInclude Include="source\RPGpack\Hero.h">
      <Filter>Header Files</Filter>
    </ClInclude>
    <ClInclude Include="source\RPGpack\Merchant.h">
      <Filter>Header Files</Filter>
    </ClInclude>
    <ClInclude Include="source\RPGpack\Monster.h">
      <Filter>Header Files</Filter>
    </ClInclude>
    <ClInclude Include="source\RPGpack\Player.h">
      <Filter>Header Files</Filter>
    </ClInclude>
    <ClInclude Include="source\RPGpack\HeroClass\Knight.h">
      <Filter>Header Files</Filter>
    </ClInclude>
    <ClInclude Include="source\BaseEngine\GUI\CGUIElement.h">
      <Filter>Header Files</Filter>
    </ClInclude>
    <ClInclude Include="source\BaseEngine\Loader\Texture.h">
      <Filter>Header Files</Filter>
    </ClInclude>
    <ClInclude Include="source\BaseEngine\GUI\Text\Font.h">
      <Filter>Header Files</Filter>
    </ClInclude>
    <ClInclude Include="source\BaseEngine\GUI\Text\FontShader.h">
      <Filter>Header Files\Font</Filter>
    </ClInclude>
    <ClInclude Include="source\BaseEngine\GUI\Text\GUIText.h">
      <Filter>Header Files\GUI</Filter>
    </ClInclude>
    <ClInclude Include="source\BaseEngine\GUI\Buttons\GUIButton.h">
      <Filter>Header Files\GUI</Filter>
    </ClInclude>
    <ClInclude Include="source\BaseEngine\GUI\Textures\GUITexture.h">
      <Filter>Header Files\GUI</Filter>
    </ClInclude>
    <ClInclude Include="source\BaseEngine\GUI\Creator\GUICreator.h">
      <Filter>Header Files</Filter>
    </ClInclude>
    <ClInclude Include="source\BaseEngine\GUI\Window\GUIWindow.h">
      <Filter>Header Files</Filter>
    </ClInclude>
    <ClInclude Include="source\BaseEngine\Utils\OpenGL\OpenGLUtils.h">
      <Filter>Header Files</Filter>
    </ClInclude>
    <ClInclude Include="source\BaseEngine\Utils\GLM\GLMUtils.h">
      <Filter>Header Files</Filter>
    </ClInclude>
    <ClInclude Include="source\BaseEngine\Utils\XML\XMLUtils.h">
      <Filter>Header Files</Filter>
    </ClInclude>
    <ClInclude Include="source\BaseEngine\Utils\Types.h">
      <Filter>Header Files</Filter>
    </ClInclude>
    <ClInclude Include="source\BaseEngine\Input\GameActions.h">
      <Filter>Header Files</Filter>
    </ClInclude>
    <ClInclude Include="source\RPGpack\GUI\CRPGGUIManager.h">
      <Filter>Header Files</Filter>
    </ClInclude>
    <ClInclude Include="source\RPGpack\Game\CRPGGame.h">
      <Filter>Header Files</Filter>
    </ClInclude>
    <ClInclude Include="source\RPGpack\Scenes\MainScene.h">
      <Filter>Header Files</Filter>
    </ClInclude>
    <ClInclude Include="source\BaseEngine\Loader\OpenGLObject.h">
      <Filter>Header Files</Filter>
    </ClInclude>
    <ClInclude Include="source\BaseEngine\Loader\OpenGLLoader.h">
      <Filter>Header Files</Filter>
    </ClInclude>
    <ClInclude Include="source\TestGame\SimpleScene.h">
      <Filter>Header Files</Filter>
    </ClInclude>
    <ClInclude Include="source\BaseEngine\Shaders\Mobile\SimpleEnityShader.h">
      <Filter>Header Files</Filter>
    </ClInclude>
    <ClInclude Include="source\BaseEngine\Renderers\Simple\SimpleMasterRenderer.h">
      <Filter>Header Files</Filter>
    </ClInclude>
    <ClInclude Include="source\BaseEngine\Shaders\Mobile\SimpleTerrainShader.h">
      <Filter>Header Files</Filter>
    </ClInclude>
    <ClInclude Include="source\Editor\Scene\EngineEditorScene.h">
      <Filter>Header Files</Filter>
    </ClInclude>
    <ClInclude Include="source\BaseEngine\Terrain\TerrainGenerator.h">
      <Filter>Header Files</Filter>
    </ClInclude>
    <ClInclude Include="source\BaseEngine\Terrain\PerlinNoise.h">
      <Filter>Header Files</Filter>
    </ClInclude>
    <ClInclude Include="source\TestGame\Test_Scene.h">
      <Filter>Header Files\Scenes</Filter>
    </ClInclude>
  </ItemGroup>
  <ItemGroup>
    <None Include="source\GLgame.vcxproj" />
    <None Include="source\GLgame.vcxproj.filters" />
  </ItemGroup>
</Project>